Microsoft Visual Studio Solution File, Format Version 12.00
# Visual Studio Version 17
VisualStudioVersion = 17.5.2.0
MinimumVisualStudioVersion = 10.0.40219.1
Project("{2150E333-8FDC-42A3-9474-1A3956D46DE8}") = "prepare", "prepare", "{B9DDC9D8-F3A8-DE4E-BBF6-9267F763BC64}"
EndProject
Project("{2150E333-8FDC-42A3-9474-1A3956D46DE8}") = "prove", "prove", "{01B46C28-82E0-430F-4631-4CCFF6C88A5D}"
EndProject
Project("{2150E333-8FDC-42A3-9474-1A3956D46DE8}") = "sandbox", "sandbox", "{3D40F055-384E-DE04-BB81-B7972E166B19}"
EndProject
Project("{2150E333-8FDC-42A3-9474-1A3956D46DE8}") = "final", "final", "{629778E7-FA72-1CAD-E284-DF793A4776CB}"
EndProject
Project("{2150E333-8FDC-42A3-9474-1A3956D46DE8}") = "csharp-prep", "csharp-prep", "{883559C7-61C4-928F-7371-9404F5EB52D4}"
EndProject
Project("{FAE04EC0-301F-11D3-BF4B-00C04F79EFBC}") = "Learning02", "prepare\Learning02\Learning02.csproj", "{0EC30338-3C0F-66E5-ED4D-5FC10BEBE603}"
EndProject
Project("{FAE04EC0-301F-11D3-BF4B-00C04F79EFBC}") = "Learning05", "prepare\Learning05\Learning05.csproj", "{77AD1082-2C3D-6521-1F97-A649E1E339A7}"
EndProject
Project("{FAE04EC0-301F-11D3-BF4B-00C04F79EFBC}") = "Learning04", "prepare\Learning04\Learning04.csproj", "{38078C7E-8530-BC9E-53DE-BBD3B827B453}"
EndProject
Project("{FAE04EC0-301F-11D3-BF4B-00C04F79EFBC}") = "Learning03", "prepare\Learning03\Learning03.csproj", "{1B64C10A-5307-0A68-120F-682AAF0E9B57}"
EndProject
Project("{FAE04EC0-301F-11D3-BF4B-00C04F79EFBC}") = "Develop03", "prove\Develop03\Develop03.csproj", "{6E6400EA-2E4A-E0DB-3F0A-A540B4BC1D93}"
EndProject
Project("{FAE04EC0-301F-11D3-BF4B-00C04F79EFBC}") = "Develop04", "prove\Develop04\Develop04.csproj", "{86A7F713-67C5-0C8B-C356-57F1DADE19BF}"
EndProject
Project("{FAE04EC0-301F-11D3-BF4B-00C04F79EFBC}") = "Develop05", "prove\Develop05\Develop05.csproj", "{3FB1725B-AE98-C1D9-35A0-6B7BCE452BD5}"
EndProject
Project("{FAE04EC0-301F-11D3-BF4B-00C04F79EFBC}") = "Develop02", "prove\Develop02\Develop02.csproj", "{38F9F811-B9A8-D65B-9966-0702699C9EB6}"
EndProject
Project("{FAE04EC0-301F-11D3-BF4B-00C04F79EFBC}") = "Sandbox", "sandbox\Sandbox\Sandbox.csproj", "{F3D6030D-8DB9-6BB6-673E-D9F8A8FED9D3}"
EndProject
Project("{FAE04EC0-301F-11D3-BF4B-00C04F79EFBC}") = "FinalProject", "final\FinalProject\FinalProject.csproj", "{816B85E0-330E-C760-E8FE-EACEE0FD4EA7}"
EndProject
Project("{FAE04EC0-301F-11D3-BF4B-00C04F79EFBC}") = "Foundation1", "final\Foundation1\Foundation1.csproj", "{1D8E4EE5-6985-19CE-52A3-5294AAA30B07}"
EndProject
Project("{FAE04EC0-301F-11D3-BF4B-00C04F79EFBC}") = "Foundation4", "final\Foundation4\Foundation4.csproj", "{9DE131C7-361E-32C9-8515-567CEED567D7}"
EndProject
Project("{FAE04EC0-301F-11D3-BF4B-00C04F79EFBC}") = "Foundation3", "final\Foundation3\Foundation3.csproj", "{2298D162-8B3F-8606-42A0-FCB301EA0427}"
EndProject
Project("{FAE04EC0-301F-11D3-BF4B-00C04F79EFBC}") = "Foundation2", "final\Foundation2\Foundation2.csproj", "{61219D9A-1AC1-3B68-A56A-4406C8E61BB4}"
EndProject
Project("{FAE04EC0-301F-11D3-BF4B-00C04F79EFBC}") = "Prep1", "csharp-prep\Prep1\Prep1.csproj", "{B8C52F7A-053E-AC70-E63E-742903A729C1}"
EndProject
Project("{FAE04EC0-301F-11D3-BF4B-00C04F79EFBC}") = "Prep5", "csharp-prep\Prep5\Prep5.csproj", "{E7400BA9-19EF-B988-7AA8-D1D458928E07}"
EndProject
Project("{FAE04EC0-301F-11D3-BF4B-00C04F79EFBC}") = "Prep2", "csharp-prep\Prep2\Prep2.csproj", "{D4A9DBF3-45D4-96FB-FE9A-3AE177E46B35}"
EndProject
Project("{FAE04EC0-301F-11D3-BF4B-00C04F79EFBC}") = "Prep3", "csharp-prep\Prep3\Prep3.csproj", "{C2F4B384-429D-F9F3-D72B-FD085241C31F}"
EndProject
Project("{FAE04EC0-301F-11D3-BF4B-00C04F79EFBC}") = "Prep4", "csharp-prep\Prep4\Prep4.csproj", "{6A3D98CE-CD25-5045-7699-4F5B7B15CEDA}"
EndProject
Global
	GlobalSection(SolutionConfigurationPlatforms) = preSolution
		Debug|Any CPU = Debug|Any CPU
		Release|Any CPU = Release|Any CPU
	EndGlobalSection
	GlobalSection(ProjectConfigurationPlatforms) = postSolution
		{0EC30338-3C0F-66E5-ED4D-5FC10BEBE603}.Debug|Any CPU.ActiveCfg = Debug|Any CPU
		{0EC30338-3C0F-66E5-ED4D-5FC10BEBE603}.Debug|Any CPU.Build.0 = Debug|Any CPU
		{0EC30338-3C0F-66E5-ED4D-5FC10BEBE603}.Release|Any CPU.ActiveCfg = Release|Any CPU
		{0EC30338-3C0F-66E5-ED4D-5FC10BEBE603}.Release|Any CPU.Build.0 = Release|Any CPU
		{77AD1082-2C3D-6521-1F97-A649E1E339A7}.Debug|Any CPU.ActiveCfg = Debug|Any CPU
		{77AD1082-2C3D-6521-1F97-A649E1E339A7}.Debug|Any CPU.Build.0 = Debug|Any CPU
		{77AD1082-2C3D-6521-1F97-A649E1E339A7}.Release|Any CPU.ActiveCfg = Release|Any CPU
		{77AD1082-2C3D-6521-1F97-A649E1E339A7}.Release|Any CPU.Build.0 = Release|Any CPU
		{38078C7E-8530-BC9E-53DE-BBD3B827B453}.Debug|Any CPU.ActiveCfg = Debug|Any CPU
		{38078C7E-8530-BC9E-53DE-BBD3B827B453}.Debug|Any CPU.Build.0 = Debug|Any CPU
		{38078C7E-8530-BC9E-53DE-BBD3B827B453}.Release|Any CPU.ActiveCfg = Release|Any CPU
		{38078C7E-8530-BC9E-53DE-BBD3B827B453}.Release|Any CPU.Build.0 = Release|Any CPU
		{1B64C10A-5307-0A68-120F-682AAF0E9B57}.Debug|Any CPU.ActiveCfg = Debug|Any CPU
		{1B64C10A-5307-0A68-120F-682AAF0E9B57}.Debug|Any CPU.Build.0 = Debug|Any CPU
		{1B64C10A-5307-0A68-120F-682AAF0E9B57}.Release|Any CPU.ActiveCfg = Release|Any CPU
		{1B64C10A-5307-0A68-120F-682AAF0E9B57}.Release|Any CPU.Build.0 = Release|Any CPU
		{6E6400EA-2E4A-E0DB-3F0A-A540B4BC1D93}.Debug|Any CPU.ActiveCfg = Debug|Any CPU
		{6E6400EA-2E4A-E0DB-3F0A-A540B4BC1D93}.Debug|Any CPU.Build.0 = Debug|Any CPU
		{6E6400EA-2E4A-E0DB-3F0A-A540B4BC1D93}.Release|Any CPU.ActiveCfg = Release|Any CPU
		{6E6400EA-2E4A-E0DB-3F0A-A540B4BC1D93}.Release|Any CPU.Build.0 = Release|Any CPU
		{86A7F713-67C5-0C8B-C356-57F1DADE19BF}.Debug|Any CPU.ActiveCfg = Debug|Any CPU
		{86A7F713-67C5-0C8B-C356-57F1DADE19BF}.Debug|Any CPU.Build.0 = Debug|Any CPU
		{86A7F713-67C5-0C8B-C356-57F1DADE19BF}.Release|Any CPU.ActiveCfg = Release|Any CPU
		{86A7F713-67C5-0C8B-C356-57F1DADE19BF}.Release|Any CPU.Build.0 = Release|Any CPU
		{3FB1725B-AE98-C1D9-35A0-6B7BCE452BD5}.Debug|Any CPU.ActiveCfg = Debug|Any CPU
		{3FB1725B-AE98-C1D9-35A0-6B7BCE452BD5}.Debug|Any CPU.Build.0 = Debug|Any CPU
		{3FB1725B-AE98-C1D9-35A0-6B7BCE452BD5}.Release|Any CPU.ActiveCfg = Release|Any CPU
		{3FB1725B-AE98-C1D9-35A0-6B7BCE452BD5}.Release|Any CPU.Build.0 = Release|Any CPU
		{38F9F811-B9A8-D65B-9966-0702699C9EB6}.Debug|Any CPU.ActiveCfg = Debug|Any CPU
		{38F9F811-B9A8-D65B-9966-0702699C9EB6}.Debug|Any CPU.Build.0 = Debug|Any CPU
		{38F9F811-B9A8-D65B-9966-0702699C9EB6}.Release|Any CPU.ActiveCfg = Release|Any CPU
		{38F9F811-B9A8-D65B-9966-0702699C9EB6}.Release|Any CPU.Build.0 = Release|Any CPU
		{F3D6030D-8DB9-6BB6-673E-D9F8A8FED9D3}.Debug|Any CPU.ActiveCfg = Debug|Any CPU
		{F3D6030D-8DB9-6BB6-673E-D9F8A8FED9D3}.Debug|Any CPU.Build.0 = Debug|Any CPU
		{F3D6030D-8DB9-6BB6-673E-D9F8A8FED9D3}.Release|Any CPU.ActiveCfg = Release|Any CPU
		{F3D6030D-8DB9-6BB6-673E-D9F8A8FED9D3}.Release|Any CPU.Build.0 = Release|Any CPU
		{816B85E0-330E-C760-E8FE-EACEE0FD4EA7}.Debug|Any CPU.ActiveCfg = Debug|Any CPU
		{816B85E0-330E-C760-E8FE-EACEE0FD4EA7}.Debug|Any CPU.Build.0 = Debug|Any CPU
		{816B85E0-330E-C760-E8FE-EACEE0FD4EA7}.Release|Any CPU.ActiveCfg = Release|Any CPU
		{816B85E0-330E-C760-E8FE-EACEE0FD4EA7}.Release|Any CPU.Build.0 = Release|Any CPU
		{1D8E4EE5-6985-19CE-52A3-5294AAA30B07}.Debug|Any CPU.ActiveCfg = Debug|Any CPU
		{1D8E4EE5-6985-19CE-52A3-5294AAA30B07}.Debug|Any CPU.Build.0 = Debug|Any CPU
		{1D8E4EE5-6985-19CE-52A3-5294AAA30B07}.Release|Any CPU.ActiveCfg = Release|Any CPU
		{1D8E4EE5-6985-19CE-52A3-5294AAA30B07}.Release|Any CPU.Build.0 = Release|Any CPU
		{9DE131C7-361E-32C9-8515-567CEED567D7}.Debug|Any CPU.ActiveCfg = Debug|Any CPU
		{9DE131C7-361E-32C9-8515-567CEED567D7}.Debug|Any CPU.Build.0 = Debug|Any CPU
		{9DE131C7-361E-32C9-8515-567CEED567D7}.Release|Any CPU.ActiveCfg = Release|Any CPU
		{9DE131C7-361E-32C9-8515-567CEED567D7}.Release|Any CPU.Build.0 = Release|Any CPU
		{2298D162-8B3F-8606-42A0-FCB301EA0427}.Debug|Any CPU.ActiveCfg = Debug|Any CPU
		{2298D162-8B3F-8606-42A0-FCB301EA0427}.Debug|Any CPU.Build.0 = Debug|Any CPU
		{2298D162-8B3F-8606-42A0-FCB301EA0427}.Release|Any CPU.ActiveCfg = Release|Any CPU
		{2298D162-8B3F-8606-42A0-FCB301EA0427}.Release|Any CPU.Build.0 = Release|Any CPU
		{61219D9A-1AC1-3B68-A56A-4406C8E61BB4}.Debug|Any CPU.ActiveCfg = Debug|Any CPU
		{61219D9A-1AC1-3B68-A56A-4406C8E61BB4}.Debug|Any CPU.Build.0 = Debug|Any CPU
		{61219D9A-1AC1-3B68-A56A-4406C8E61BB4}.Release|Any CPU.ActiveCfg = Release|Any CPU
		{61219D9A-1AC1-3B68-A56A-4406C8E61BB4}.Release|Any CPU.Build.0 = Release|Any CPU
		{B8C52F7A-053E-AC70-E63E-742903A729C1}.Debug|Any CPU.ActiveCfg = Debug|Any CPU
		{B8C52F7A-053E-AC70-E63E-742903A729C1}.Debug|Any CPU.Build.0 = Debug|Any CPU
		{B8C52F7A-053E-AC70-E63E-742903A729C1}.Release|Any CPU.ActiveCfg = Release|Any CPU
		{B8C52F7A-053E-AC70-E63E-742903A729C1}.Release|Any CPU.Build.0 = Release|Any CPU
		{E7400BA9-19EF-B988-7AA8-D1D458928E07}.Debug|Any CPU.ActiveCfg = Debug|Any CPU
		{E7400BA9-19EF-B988-7AA8-D1D458928E07}.Debug|Any CPU.Build.0 = Debug|Any CPU
		{E7400BA9-19EF-B988-7AA8-D1D458928E07}.Release|Any CPU.ActiveCfg = Release|Any CPU
		{E7400BA9-19EF-B988-7AA8-D1D458928E07}.Release|Any CPU.Build.0 = Release|Any CPU
		{D4A9DBF3-45D4-96FB-FE9A-3AE177E46B35}.Debug|Any CPU.ActiveCfg = Debug|Any CPU
		{D4A9DBF3-45D4-96FB-FE9A-3AE177E46B35}.Debug|Any CPU.Build.0 = Debug|Any CPU
		{D4A9DBF3-45D4-96FB-FE9A-3AE177E46B35}.Release|Any CPU.ActiveCfg = Release|Any CPU
		{D4A9DBF3-45D4-96FB-FE9A-3AE177E46B35}.Release|Any CPU.Build.0 = Release|Any CPU
		{C2F4B384-429D-F9F3-D72B-FD085241C31F}.Debug|Any CPU.ActiveCfg = Debug|Any CPU
		{C2F4B384-429D-F9F3-D72B-FD085241C31F}.Debug|Any CPU.Build.0 = Debug|Any CPU
		{C2F4B384-429D-F9F3-D72B-FD085241C31F}.Release|Any CPU.ActiveCfg = Release|Any CPU
		{C2F4B384-429D-F9F3-D72B-FD085241C31F}.Release|Any CPU.Build.0 = Release|Any CPU
		{6A3D98CE-CD25-5045-7699-4F5B7B15CEDA}.Debug|Any CPU.ActiveCfg = Debug|Any CPU
		{6A3D98CE-CD25-5045-7699-4F5B7B15CEDA}.Debug|Any CPU.Build.0 = Debug|Any CPU
		{6A3D98CE-CD25-5045-7699-4F5B7B15CEDA}.Release|Any CPU.ActiveCfg = Release|Any CPU
		{6A3D98CE-CD25-5045-7699-4F5B7B15CEDA}.Release|Any CPU.Build.0 = Release|Any CPU
	EndGlobalSection
	GlobalSection(SolutionProperties) = preSolution
		HideSolutionNode = FALSE
	EndGlobalSection
	GlobalSection(NestedProjects) = preSolution
		{0EC30338-3C0F-66E5-ED4D-5FC10BEBE603} = {B9DDC9D8-F3A8-DE4E-BBF6-9267F763BC64}
		{77AD1082-2C3D-6521-1F97-A649E1E339A7} = {B9DDC9D8-F3A8-DE4E-BBF6-9267F763BC64}
		{38078C7E-8530-BC9E-53DE-BBD3B827B453} = {B9DDC9D8-F3A8-DE4E-BBF6-9267F763BC64}
		{1B64C10A-5307-0A68-120F-682AAF0E9B57} = {B9DDC9D8-F3A8-DE4E-BBF6-9267F763BC64}
		{6E6400EA-2E4A-E0DB-3F0A-A540B4BC1D93} = {01B46C28-82E0-430F-4631-4CCFF6C88A5D}
		{86A7F713-67C5-0C8B-C356-57F1DADE19BF} = {01B46C28-82E0-430F-4631-4CCFF6C88A5D}
		{3FB1725B-AE98-C1D9-35A0-6B7BCE452BD5} = {01B46C28-82E0-430F-4631-4CCFF6C88A5D}
		{38F9F811-B9A8-D65B-9966-0702699C9EB6} = {01B46C28-82E0-430F-4631-4CCFF6C88A5D}
		{F3D6030D-8DB9-6BB6-673E-D9F8A8FED9D3} = {3D40F055-384E-DE04-BB81-B7972E166B19}
		{816B85E0-330E-C760-E8FE-EACEE0FD4EA7} = {629778E7-FA72-1CAD-E284-DF793A4776CB}
		{1D8E4EE5-6985-19CE-52A3-5294AAA30B07} = {629778E7-FA72-1CAD-E284-DF793A4776CB}
		{9DE131C7-361E-32C9-8515-567CEED567D7} = {629778E7-FA72-1CAD-E284-DF793A4776CB}
		{2298D162-8B3F-8606-42A0-FCB301EA0427} = {629778E7-FA72-1CAD-E284-DF793A4776CB}
		{61219D9A-1AC1-3B68-A56A-4406C8E61BB4} = {629778E7-FA72-1CAD-E284-DF793A4776CB}
		{B8C52F7A-053E-AC70-E63E-742903A729C1} = {883559C7-61C4-928F-7371-9404F5EB52D4}
		{E7400BA9-19EF-B988-7AA8-D1D458928E07} = {883559C7-61C4-928F-7371-9404F5EB52D4}
		{D4A9DBF3-45D4-96FB-FE9A-3AE177E46B35} = {883559C7-61C4-928F-7371-9404F5EB52D4}
		{C2F4B384-429D-F9F3-D72B-FD085241C31F} = {883559C7-61C4-928F-7371-9404F5EB52D4}
		{6A3D98CE-CD25-5045-7699-4F5B7B15CEDA} = {883559C7-61C4-928F-7371-9404F5EB52D4}
	EndGlobalSection
	GlobalSection(ExtensibilityGlobals) = postSolution
		SolutionGuid = {73A319A1-2D29-4EDC-8362-DD69769F5089}
	EndGlobalSection
EndGlobal
